
Microsoft Visual Studio Solution File, Format Version 12.00
# Visual Studio 15
VisualStudioVersion = 15.0.28307.421
MinimumVisualStudioVersion = 10.0.40219.1
Project("{FAE04EC0-301F-11D3-BF4B-00C04F79EFBC}") = "UMWarszawa", "UMWarszawa\UMWarszawa.csproj", "{429DAC67-6FA5-489A-8266-1FCAE9859390}"
EndProject
Project("{151D2E53-A2C4-4D7D-83FE-D05416EBD58E}") = "UMWarszawa.ARM", "UMWarszawa.ARM\UMWarszawa.ARM.deployproj", "{71D8F95F-3E93-443B-9AB6-990D64104864}"
EndProject
Global
	GlobalSection(SolutionConfigurationPlatforms) = preSolution
		Debug|Any CPU = Debug|Any CPU
		Release|Any CPU = Release|Any CPU
	EndGlobalSection
	GlobalSection(ProjectConfigurationPlatforms) = postSolution
		{429DAC67-6FA5-489A-8266-1FCAE9859390}.Debug|Any CPU.ActiveCfg = Debug|Any CPU
		{429DAC67-6FA5-489A-8266-1FCAE9859390}.Debug|Any CPU.Build.0 = Debug|Any CPU
		{429DAC67-6FA5-489A-8266-1FCAE9859390}.Release|Any CPU.ActiveCfg = Release|Any CPU
		{429DAC67-6FA5-489A-8266-1FCAE9859390}.Release|Any CPU.Build.0 = Release|Any CPU
		{71D8F95F-3E93-443B-9AB6-990D64104864}.Debug|Any CPU.ActiveCfg = Debug|Any CPU
		{71D8F95F-3E93-443B-9AB6-990D64104864}.Debug|Any CPU.Build.0 = Debug|Any CPU
		{71D8F95F-3E93-443B-9AB6-990D64104864}.Release|Any CPU.ActiveCfg = Release|Any CPU
		{71D8F95F-3E93-443B-9AB6-990D64104864}.Release|Any CPU.Build.0 = Release|Any CPU
	EndGlobalSection
	GlobalSection(SolutionProperties) = preSolution
		HideSolutionNode = FALSE
	EndGlobalSection
	GlobalSection(ExtensibilityGlobals) = postSolution
		SolutionGuid = {8E5835A2-82CF-4B2C-986B-65298AEC55B7}
	EndGlobalSection
EndGlobal
